// !$*UTF8*$!
{
	archiveVersion = 1;
	classes = {
	};
	objectVersion = 50;
	objects = {

/* Begin PBXBuildFile section */
		6A48AB9820F2B30500D2A2C4 /* UIViewController+Extension.swift in Sources */ = {isa = PBXBuildFile; fileRef = 6A48AB9720F2B30500D2A2C4 /* UIViewController+Extension.swift */; };
		6A48AB9A20F2B33E00D2A2C4 /* UIView+Extension.swift in Sources */ = {isa = PBXBuildFile; fileRef = 6A48AB9920F2B33E00D2A2C4 /* UIView+Extension.swift */; };
		6A99413320F166D800A414FB /* SecondVC.swift in Sources */ = {isa = PBXBuildFile; fileRef = 6A99413220F166D800A414FB /* SecondVC.swift */; };
		6A99413520F1678100A414FB /* CustomNavigationController.swift in Sources */ = {isa = PBXBuildFile; fileRef = 6A99413420F1678100A414FB /* CustomNavigationController.swift */; };
		6A99413720F16C7900A414FB /* ListMenuVC.swift in Sources */ = {isa = PBXBuildFile; fileRef = 6A99413620F16C7900A414FB /* ListMenuVC.swift */; };
		6A99413A20F16DA800A414FB /* FavoritesVC.swift in Sources */ = {isa = PBXBuildFile; fileRef = 6A99413920F16DA800A414FB /* FavoritesVC.swift */; };
		6A99413C20F174B600A414FB /* SideMenuViewController.swift in Sources */ = {isa = PBXBuildFile; fileRef = 6A99413B20F174B600A414FB /* SideMenuViewController.swift */; };
		6A99413F20F17AEC00A414FB /* SideMenuSwiftViewController.swift in Sources */ = {isa = PBXBuildFile; fileRef = 6A99413E20F17AEC00A414FB /* SideMenuSwiftViewController.swift */; };
		6A99414220F17E9E00A414FB /* SecondChildVC.swift in Sources */ = {isa = PBXBuildFile; fileRef = 6A99414120F17E9E00A414FB /* SecondChildVC.swift */; };
		6A99414420F1827C00A414FB /* Storyboard.storyboard in Resources */ = {isa = PBXBuildFile; fileRef = 6A99414320F1827C00A414FB /* Storyboard.storyboard */; };
		6A99414620F1880900A414FB /* FavoritesTwoVC.swift in Sources */ = {isa = PBXBuildFile; fileRef = 6A99414520F1880900A414FB /* FavoritesTwoVC.swift */; };
		6A99414820F188D900A414FB /* EmptyVC.swift in Sources */ = {isa = PBXBuildFile; fileRef = 6A99414720F188D900A414FB /* EmptyVC.swift */; };
		6AC5371120EDA0B000E5076C /* AppDelegate.swift in Sources */ = {isa = PBXBuildFile; fileRef = 6AC5371020EDA0B000E5076C /* AppDelegate.swift */; };
		6AC5371320EDA0B000E5076C /* ViewController.swift in Sources */ = {isa = PBXBuildFile; fileRef = 6AC5371220EDA0B000E5076C /* ViewController.swift */; };
		6AC5371920EDA0B000E5076C /* ExpandedTableView.xcdatamodeld in Sources */ = {isa = PBXBuildFile; fileRef = 6AC5371720EDA0B000E5076C /* ExpandedTableView.xcdatamodeld */; };
		6AC5371B20EDA0B100E5076C /* Assets.xcassets in Resources */ = {isa = PBXBuildFile; fileRef = 6AC5371A20EDA0B100E5076C /* Assets.xcassets */; };
		6AC5371E20EDA0B100E5076C /* LaunchScreen.storyboard in Resources */ = {isa = PBXBuildFile; fileRef = 6AC5371C20EDA0B100E5076C /* LaunchScreen.storyboard */; };
		6AC5372620EDA12700E5076C /* CoreDataStack.swift in Sources */ = {isa = PBXBuildFile; fileRef = 6AC5372520EDA12700E5076C /* CoreDataStack.swift */; };
		F974D6CA55FACF99E48ADF73 /* Pods_ExpandedTableView.framework in Frameworks */ = {isa = PBXBuildFile; fileRef = 55E600808C0C1E5C56E913C7 /* Pods_ExpandedTableView.framework */; };
/* End PBXBuildFile section */

/* Begin PBXFileReference section */
		3238F5AF8327378C70B1E8EE /* Pods-ExpandedTableView.debug.xcconfig */ = {isa = PBXFileReference; includeInIndex = 1; lastKnownFileType = text.xcconfig; name = "Pods-ExpandedTableView.debug.xcconfig"; path = "Pods/Target Support Files/Pods-ExpandedTableView/Pods-ExpandedTableView.debug.xcconfig"; sourceTree = "<group>"; };
		55E600808C0C1E5C56E913C7 /* Pods_ExpandedTableView.framework */ = {isa = PBXFileReference; explicitFileType = wrapper.framework; includeInIndex = 0; path = Pods_ExpandedTableView.framework; sourceTree = BUILT_PRODUCTS_DIR; };
		6A48AB9720F2B30500D2A2C4 /* UIViewController+Extension.swift */ = {isa = PBXFileReference; lastKnownFileType = sourcecode.swift; path = "UIViewController+Extension.swift"; sourceTree = "<group>"; };
		6A48AB9920F2B33E00D2A2C4 /* UIView+Extension.swift */ = {isa = PBXFileReference; lastKnownFileType = sourcecode.swift; path = "UIView+Extension.swift"; sourceTree = "<group>"; };
		6A99413220F166D800A414FB /* SecondVC.swift */ = {isa = PBXFileReference; lastKnownFileType = sourcecode.swift; path = SecondVC.swift; sourceTree = "<group>"; };
		6A99413420F1678100A414FB /* CustomNavigationController.swift */ = {isa = PBXFileReference; lastKnownFileType = sourcecode.swift; path = CustomNavigationController.swift; sourceTree = "<group>"; };
		6A99413620F16C7900A414FB /* ListMenuVC.swift */ = {isa = PBXFileReference; lastKnownFileType = sourcecode.swift; path = ListMenuVC.swift; sourceTree = "<group>"; };
		6A99413920F16DA800A414FB /* FavoritesVC.swift */ = {isa = PBXFileReference; lastKnownFileType = sourcecode.swift; path = FavoritesVC.swift; sourceTree = "<group>"; };
		6A99413B20F174B600A414FB /* SideMenuViewController.swift */ = {isa = PBXFileReference; lastKnownFileType = sourcecode.swift; path = SideMenuViewController.swift; sourceTree = "<group>"; };
		6A99413E20F17AEC00A414FB /* SideMenuSwiftViewController.swift */ = {isa = PBXFileReference; lastKnownFileType = sourcecode.swift; path = SideMenuSwiftViewController.swift; sourceTree = "<group>"; };
		6A99414120F17E9E00A414FB /* SecondChildVC.swift */ = {isa = PBXFileReference; lastKnownFileType = sourcecode.swift; path = SecondChildVC.swift; sourceTree = "<group>"; };
		6A99414320F1827C00A414FB /* Storyboard.storyboard */ = {isa = PBXFileReference; lastKnownFileType = file.storyboard; path = Storyboard.storyboard; sourceTree = "<group>"; };
		6A99414520F1880900A414FB /* FavoritesTwoVC.swift */ = {isa = PBXFileReference; lastKnownFileType = sourcecode.swift; path = FavoritesTwoVC.swift; sourceTree = "<group>"; };
		6A99414720F188D900A414FB /* EmptyVC.swift */ = {isa = PBXFileReference; lastKnownFileType = sourcecode.swift; path = EmptyVC.swift; sourceTree = "<group>"; };
		6AC5370D20EDA0AF00E5076C /* ExpandedTableView.app */ = {isa = PBXFileReference; explicitFileType = wrapper.application; includeInIndex = 0; path = ExpandedTableView.app; sourceTree = BUILT_PRODUCTS_DIR; };
		6AC5371020EDA0B000E5076C /* AppDelegate.swift */ = {isa = PBXFileReference; lastKnownFileType = sourcecode.swift; path = AppDelegate.swift; sourceTree = "<group>"; };
		6AC5371220EDA0B000E5076C /* ViewController.swift */ = {isa = PBXFileReference; lastKnownFileType = sourcecode.swift; path = ViewController.swift; sourceTree = "<group>"; };
		6AC5371820EDA0B000E5076C /* ExpandedTableView.xcdatamodel */ = {isa = PBXFileReference; lastKnownFileType = wrapper.xcdatamodel; path = ExpandedTableView.xcdatamodel; sourceTree = "<group>"; };
		6AC5371A20EDA0B100E5076C /* Assets.xcassets */ = {isa = PBXFileReference; lastKnownFileType = folder.assetcatalog; path = Assets.xcassets; sourceTree = "<group>"; };
		6AC5371D20EDA0B100E5076C /* Base */ = {isa = PBXFileReference; lastKnownFileType = file.storyboard; name = Base; path = Base.lproj/LaunchScreen.storyboard; sourceTree = "<group>"; };
		6AC5371F20EDA0B100E5076C /* Info.plist */ = {isa = PBXFileReference; lastKnownFileType = text.plist.xml; path = Info.plist; sourceTree = "<group>"; };
		6AC5372520EDA12700E5076C /* CoreDataStack.swift */ = {isa = PBXFileReference; lastKnownFileType = sourcecode.swift; path = CoreDataStack.swift; sourceTree = "<group>"; };
		E94CFC07921D553D4FB91DE4 /* Pods-ExpandedTableView.release.xcconfig */ = {isa = PBXFileReference; includeInIndex = 1; lastKnownFileType = text.xcconfig; name = "Pods-ExpandedTableView.release.xcconfig"; path = "Pods/Target Support Files/Pods-ExpandedTableView/Pods-ExpandedTableView.release.xcconfig"; sourceTree = "<group>"; };
/* End PBXFileReference section */

/* Begin PBXFrameworksBuildPhase section */
		6AC5370A20EDA0AF00E5076C /* Frameworks */ = {
			isa = PBXFrameworksBuildPhase;
			buildActionMask = 2147483647;
			files = (
				F974D6CA55FACF99E48ADF73 /* Pods_ExpandedTableView.framework in Frameworks */,
			);
			runOnlyForDeploymentPostprocessing = 0;
		};
/* End PBXFrameworksBuildPhase section */

/* Begin PBXGroup section */
		6A48AB9620F2B2DC00D2A2C4 /* Extensions */ = {
			isa = PBXGroup;
			children = (
				6A48AB9720F2B30500D2A2C4 /* UIViewController+Extension.swift */,
				6A48AB9920F2B33E00D2A2C4 /* UIView+Extension.swift */,
			);
			path = Extensions;
			sourceTree = "<group>";
		};
		6A99413820F16D6D00A414FB /* Controller */ = {
			isa = PBXGroup;
			children = (
				6A99413D20F174F100A414FB /* SideMenu */,
				6A99414020F17B3000A414FB /* SideMenuSwift */,
				6AC5371220EDA0B000E5076C /* ViewController.swift */,
				6A99413220F166D800A414FB /* SecondVC.swift */,
				6A99414120F17E9E00A414FB /* SecondChildVC.swift */,
				6A99413920F16DA800A414FB /* FavoritesVC.swift */,
				6A99414520F1880900A414FB /* FavoritesTwoVC.swift */,
				6A99414320F1827C00A414FB /* Storyboard.storyboard */,
				6A99414720F188D900A414FB /* EmptyVC.swift */,
			);
			path = Controller;
			sourceTree = "<group>";
		};
		6A99413D20F174F100A414FB /* SideMenu */ = {
			isa = PBXGroup;
			children = (
				6A99413420F1678100A414FB /* CustomNavigationController.swift */,
				6A99413B20F174B600A414FB /* SideMenuViewController.swift */,
			);
			path = SideMenu;
			sourceTree = "<group>";
		};
		6A99414020F17B3000A414FB /* SideMenuSwift */ = {
			isa = PBXGroup;
			children = (
				6A99413620F16C7900A414FB /* ListMenuVC.swift */,
				6A99413E20F17AEC00A414FB /* SideMenuSwiftViewController.swift */,
			);
			name = SideMenuSwift;
			path = "New Group";
			sourceTree = "<group>";
		};
		6AC5370420EDA0AF00E5076C = {
			isa = PBXGroup;
			children = (
				6AC5370F20EDA0AF00E5076C /* ExpandedTableView */,
				6AC5370E20EDA0AF00E5076C /* Products */,
				7262FEF5A6CC66607DC823F8 /* Pods */,
				6CFB588797250E8CF42E1D72 /* Frameworks */,
			);
			sourceTree = "<group>";
		};
		6AC5370E20EDA0AF00E5076C /* Products */ = {
			isa = PBXGroup;
			children = (
				6AC5370D20EDA0AF00E5076C /* ExpandedTableView.app */,
			);
			name = Products;
			sourceTree = "<group>";
		};
		6AC5370F20EDA0AF00E5076C /* ExpandedTableView */ = {
			isa = PBXGroup;
			children = (
				6A48AB9620F2B2DC00D2A2C4 /* Extensions */,
				6AC5371020EDA0B000E5076C /* AppDelegate.swift */,
				6AC5372520EDA12700E5076C /* CoreDataStack.swift */,
				6A99413820F16D6D00A414FB /* Controller */,
				6AC5371A20EDA0B100E5076C /* Assets.xcassets */,
				6AC5371C20EDA0B100E5076C /* LaunchScreen.storyboard */,
				6AC5371F20EDA0B100E5076C /* Info.plist */,
				6AC5371720EDA0B000E5076C /* ExpandedTableView.xcdatamodeld */,
			);
			path = ExpandedTableView;
			sourceTree = "<group>";
		};
		6CFB588797250E8CF42E1D72 /* Frameworks */ = {
			isa = PBXGroup;
			children = (
				55E600808C0C1E5C56E913C7 /* Pods_ExpandedTableView.framework */,
			);
			name = Frameworks;
			sourceTree = "<group>";
		};
		7262FEF5A6CC66607DC823F8 /* Pods */ = {
			isa = PBXGroup;
			children = (
				3238F5AF8327378C70B1E8EE /* Pods-ExpandedTableView.debug.xcconfig */,
				E94CFC07921D553D4FB91DE4 /* Pods-ExpandedTableView.release.xcconfig */,
			);
			name = Pods;
			sourceTree = "<group>";
		};
/* End PBXGroup section */

/* Begin PBXNativeTarget section */
		6AC5370C20EDA0AF00E5076C /* ExpandedTableView */ = {
			isa = PBXNativeTarget;
			buildConfigurationList = 6AC5372220EDA0B100E5076C /* Build configuration list for PBXNativeTarget "ExpandedTableView" */;
			buildPhases = (
				934C8A8F9E6A686CBA693F57 /* [CP] Check Pods Manifest.lock */,
				6AC5370920EDA0AF00E5076C /* Sources */,
				6AC5370A20EDA0AF00E5076C /* Frameworks */,
				6AC5370B20EDA0AF00E5076C /* Resources */,
				4D91103C25C500EC8CFCE943 /* [CP] Embed Pods Frameworks */,
			);
			buildRules = (
			);
			dependencies = (
			);
			name = ExpandedTableView;
			productName = ExpandedTableView;
			productReference = 6AC5370D20EDA0AF00E5076C /* ExpandedTableView.app */;
			productType = "com.apple.product-type.application";
		};
/* End PBXNativeTarget section */

/* Begin PBXProject section */
		6AC5370520EDA0AF00E5076C /* Project object */ = {
			isa = PBXProject;
			attributes = {
				LastSwiftUpdateCheck = 0940;
				LastUpgradeCheck = 0940;
				ORGANIZATIONNAME = IsaiasMac;
				TargetAttributes = {
					6AC5370C20EDA0AF00E5076C = {
						CreatedOnToolsVersion = 9.4.1;
					};
				};
			};
			buildConfigurationList = 6AC5370820EDA0AF00E5076C /* Build configuration list for PBXProject "ExpandedTableView" */;
			compatibilityVersion = "Xcode 9.3";
			developmentRegion = en;
			hasScannedForEncodings = 0;
			knownRegions = (
				en,
				Base,
			);
			mainGroup = 6AC5370420EDA0AF00E5076C;
			productRefGroup = 6AC5370E20EDA0AF00E5076C /* Products */;
			projectDirPath = "";
			projectRoot = "";
			targets = (
				6AC5370C20EDA0AF00E5076C /* ExpandedTableView */,
			);
		};
/* End PBXProject section */

/* Begin PBXResourcesBuildPhase section */
		6AC5370B20EDA0AF00E5076C /* Resources */ = {
			isa = PBXResourcesBuildPhase;
			buildActionMask = 2147483647;
			files = (
				6AC5371E20EDA0B100E5076C /* LaunchScreen.storyboard in Resources */,
				6AC5371B20EDA0B100E5076C /* Assets.xcassets in Resources */,
				6A99414420F1827C00A414FB /* Storyboard.storyboard in Resources */,
			);
			runOnlyForDeploymentPostprocessing = 0;
		};
/* End PBXResourcesBuildPhase section */

/* Begin PBXShellScriptBuildPhase section */
		4D91103C25C500EC8CFCE943 /* [CP] Embed Pods Frameworks */ = {
			isa = PBXShellScriptBuildPhase;
			buildActionMask = 2147483647;
			files = (
			);
			inputPaths = (
				"${SRCROOT}/Pods/Target Support Files/Pods-ExpandedTableView/Pods-ExpandedTableView-frameworks.sh",
				"${BUILT_PRODUCTS_DIR}/SideMenu/SideMenu.framework",
				"${BUILT_PRODUCTS_DIR}/SideMenuSwift/SideMenuSwift.framework",
			);
			name = "[CP] Embed Pods Frameworks";
			outputPaths = (
				"${TARGET_BUILD_DIR}/${FRAMEWORKS_FOLDER_PATH}/SideMenu.framework",
				"${TARGET_BUILD_DIR}/${FRAMEWORKS_FOLDER_PATH}/SideMenuSwift.framework",
			);
			runOnlyForDeploymentPostprocessing = 0;
			shellPath = /bin/sh;
			shellScript = "\"${SRCROOT}/Pods/Target Support Files/Pods-ExpandedTableView/Pods-ExpandedTableView-frameworks.sh\"\n";
			showEnvVarsInLog = 0;
		};
		934C8A8F9E6A686CBA693F57 /* [CP] Check Pods Manifest.lock */ = {
			isa = PBXShellScriptBuildPhase;
			buildActionMask = 2147483647;
			files = (
			);
			inputPaths = (
				"${PODS_PODFILE_DIR_PATH}/Podfile.lock",
				"${PODS_ROOT}/Manifest.lock",
			);
			name = "[CP] Check Pods Manifest.lock";
			outputPaths = (
				"$(DERIVED_FILE_DIR)/Pods-ExpandedTableView-checkManifestLockResult.txt",
			);
			runOnlyForDeploymentPostprocessing = 0;
			shellPath = /bin/sh;
			shellScript = "diff \"${PODS_PODFILE_DIR_PATH}/Podfile.lock\" \"${PODS_ROOT}/Manifest.lock\" > /dev/null\nif [ $? != 0 ] ; then\n    # print error to STDERR\n    echo \"error: The sandbox is not in sync with the Podfile.lock. Run 'pod install' or update your CocoaPods installation.\" >&2\n    exit 1\nfi\n# This output is used by Xcode 'outputs' to avoid re-running this script phase.\necho \"SUCCESS\" > \"${SCRIPT_OUTPUT_FILE_0}\"\n";
			showEnvVarsInLog = 0;
		};
/* End PBXShellScriptBuildPhase section */

/* Begin PBXSourcesBuildPhase section */
		6AC5370920EDA0AF00E5076C /* Sources */ = {
			isa = PBXSourcesBuildPhase;
			buildActionMask = 2147483647;
			files = (
				6A99413A20F16DA800A414FB /* FavoritesVC.swift in Sources */,
				6AC5371320EDA0B000E5076C /* ViewController.swift in Sources */,
				6AC5371120EDA0B000E5076C /* AppDelegate.swift in Sources */,
				6A48AB9A20F2B33E00D2A2C4 /* UIView+Extension.swift in Sources */,
				6A99414820F188D900A414FB /* EmptyVC.swift in Sources */,
				6A48AB9820F2B30500D2A2C4 /* UIViewController+Extension.swift in Sources */,
				6AC5371920EDA0B000E5076C /* ExpandedTableView.xcdatamodeld in Sources */,
				6A99414220F17E9E00A414FB /* SecondChildVC.swift in Sources */,
				6A99413320F166D800A414FB /* SecondVC.swift in Sources */,
				6A99413720F16C7900A414FB /* ListMenuVC.swift in Sources */,
				6AC5372620EDA12700E5076C /* CoreDataStack.swift in Sources */,
				6A99413C20F174B600A414FB /* SideMenuViewController.swift in Sources */,
				6A99414620F1880900A414FB /* FavoritesTwoVC.swift in Sources */,
				6A99413F20F17AEC00A414FB /* SideMenuSwiftViewController.swift in Sources */,
				6A99413520F1678100A414FB /* CustomNavigationController.swift in Sources */,
			);
			runOnlyForDeploymentPostprocessing = 0;
		};
/* End PBXSourcesBuildPhase section */

/* Begin PBXVariantGroup section */
		6AC5371C20EDA0B100E5076C /* LaunchScreen.storyboard */ = {
			isa = PBXVariantGroup;
			children = (
				6AC5371D20EDA0B100E5076C /* Base */,
			);
			name = LaunchScreen.storyboard;
			sourceTree = "<group>";
		};
/* End PBXVariantGroup section */

/* Begin XCBuildConfiguration section */
		6AC5372020EDA0B100E5076C /* Debug */ = {
			isa = XCBuildConfiguration;
			buildSettings = {
				ALWAYS_SEARCH_USER_PATHS = NO;
				CLANG_ANALYZER_NONNULL = YES;
				CLANG_ANALYZER_NUMBER_OBJECT_CONVERSION = YES_AGGRESSIVE;
				CLANG_CXX_LANGUAGE_STANDARD = "gnu++14";
				CLANG_CXX_LIBRARY = "libc++";
				CLANG_ENABLE_MODULES = YES;
				CLANG_ENABLE_OBJC_ARC = YES;
				CLANG_ENABLE_OBJC_WEAK = YES;
				CLANG_WARN_BLOCK_CAPTURE_AUTORELEASING = YES;
				CLANG_WARN_BOOL_CONVERSION = YES;
				CLANG_WARN_COMMA = YES;
				CLANG_WARN_CONSTANT_CONVERSION = YES;
				CLANG_WARN_DEPRECATED_OBJC_IMPLEMENTATIONS = YES;
				CLANG_WARN_DIRECT_OBJC_ISA_USAGE = YES_ERROR;
				CLANG_WARN_DOCUMENTATION_COMMENTS = YES;
				CLANG_WARN_EMPTY_BODY = YES;
				CLANG_WARN_ENUM_CONVERSION = YES;
				CLANG_WARN_INFINITE_RECURSION = YES;
				CLANG_WARN_INT_CONVERSION = YES;
				CLANG_WARN_NON_LITERAL_NULL_CONVERSION = YES;
				CLANG_WARN_OBJC_IMPLICIT_RETAIN_SELF = YES;
				CLANG_WARN_OBJC_LITERAL_CONVERSION = YES;
				CLANG_WARN_OBJC_ROOT_CLASS = YES_ERROR;
				CLANG_WARN_RANGE_LOOP_ANALYSIS = YES;
				CLANG_WARN_STRICT_PROTOTYPES = YES;
				CLANG_WARN_SUSPICIOUS_MOVE = YES;
				CLANG_WARN_UNGUARDED_AVAILABILITY = YES_AGGRESSIVE;
				CLANG_WARN_UNREACHABLE_CODE = YES;
				CLANG_WARN__DUPLICATE_METHOD_MATCH = YES;
				CODE_SIGN_IDENTITY = "iPhone Developer";
				COPY_PHASE_STRIP = NO;
				DEBUG_INFORMATION_FORMAT = dwarf;
				ENABLE_STRICT_OBJC_MSGSEND = YES;
				ENABLE_TESTABILITY = YES;
				GCC_C_LANGUAGE_STANDARD = gnu11;
				GCC_DYNAMIC_NO_PIC = NO;
				GCC_NO_COMMON_BLOCKS = YES;
				GCC_OPTIMIZATION_LEVEL = 0;
				GCC_PREPROCESSOR_DEFINITIONS = (
					"DEBUG=1",
					"$(inherited)",
				);
				GCC_WARN_64_TO_32_BIT_CONVERSION = YES;
				GCC_WARN_ABOUT_RETURN_TYPE = YES_ERROR;
				GCC_WARN_UNDECLARED_SELECTOR = YES;
				GCC_WARN_UNINITIALIZED_AUTOS = YES_AGGRESSIVE;
				GCC_WARN_UNUSED_FUNCTION = YES;
				GCC_WARN_UNUSED_VARIABLE = YES;
				IPHONEOS_DEPLOYMENT_TARGET = 9.0;
				MTL_ENABLE_DEBUG_INFO = YES;
				ONLY_ACTIVE_ARCH = YES;
				SDKROOT = iphoneos;
				SWIFT_ACTIVE_COMPILATION_CONDITIONS = DEBUG;
				SWIFT_OPTIMIZATION_LEVEL = "-Onone";
			};
			name = Debug;
		};
		6AC5372120EDA0B100E5076C /* Release */ = {
			isa = XCBuildConfiguration;
			buildSettings = {
				ALWAYS_SEARCH_USER_PATHS = NO;
				CLANG_ANALYZER_NONNULL = YES;
				CLANG_ANALYZER_NUMBER_OBJECT_CONVERSION = YES_AGGRESSIVE;
				CLANG_CXX_LANGUAGE_STANDARD = "gnu++14";
				CLANG_CXX_LIBRARY = "libc++";
				CLANG_ENABLE_MODULES = YES;
				CLANG_ENABLE_OBJC_ARC = YES;
				CLANG_ENABLE_OBJC_WEAK = YES;
				CLANG_WARN_BLOCK_CAPTURE_AUTORELEASING = YES;
				CLANG_WARN_BOOL_CONVERSION = YES;
				CLANG_WARN_COMMA = YES;
				CLANG_WARN_CONSTANT_CONVERSION = YES;
				CLANG_WARN_DEPRECATED_OBJC_IMPLEMENTATIONS = YES;
				CLANG_WARN_DIRECT_OBJC_ISA_USAGE = YES_ERROR;
				CLANG_WARN_DOCUMENTATION_COMMENTS = YES;
				CLANG_WARN_EMPTY_BODY = YES;
				CLANG_WARN_ENUM_CONVERSION = YES;
				CLANG_WARN_INFINITE_RECURSION = YES;
				CLANG_WARN_INT_CONVERSION = YES;
				CLANG_WARN_NON_LITERAL_NULL_CONVERSION = YES;
				CLANG_WARN_OBJC_IMPLICIT_RETAIN_SELF = YES;
				CLANG_WARN_OBJC_LITERAL_CONVERSION = YES;
				CLANG_WARN_OBJC_ROOT_CLASS = YES_ERROR;
				CLANG_WARN_RANGE_LOOP_ANALYSIS = YES;
				CLANG_WARN_STRICT_PROTOTYPES = YES;
				CLANG_WARN_SUSPICIOUS_MOVE = YES;
				CLANG_WARN_UNGUARDED_AVAILABILITY = YES_AGGRESSIVE;
				CLANG_WARN_UNREACHABLE_CODE = YES;
				CLANG_WARN__DUPLICATE_METHOD_MATCH = YES;
				CODE_SIGN_IDENTITY = "iPhone Developer";
				COPY_PHASE_STRIP = NO;
				DEBUG_INFORMATION_FORMAT = "dwarf-with-dsym";
				ENABLE_NS_ASSERTIONS = NO;
				ENABLE_STRICT_OBJC_MSGSEND = YES;
				GCC_C_LANGUAGE_STANDARD = gnu11;
				GCC_NO_COMMON_BLOCKS = YES;
				GCC_WARN_64_TO_32_BIT_CONVERSION = YES;
				GCC_WARN_ABOUT_RETURN_TYPE = YES_ERROR;
				GCC_WARN_UNDECLARED_SELECTOR = YES;
				GCC_WARN_UNINITIALIZED_AUTOS = YES_AGGRESSIVE;
				GCC_WARN_UNUSED_FUNCTION = YES;
				GCC_WARN_UNUSED_VARIABLE = YES;
				IPHONEOS_DEPLOYMENT_TARGET = 9.0;
				MTL_ENABLE_DEBUG_INFO = NO;
				SDKROOT = iphoneos;
				SWIFT_COMPILATION_MODE = wholemodule;
				SWIFT_OPTIMIZATION_LEVEL = "-O";
				VALIDATE_PRODUCT = YES;
			};
			name = Release;
		};
		6AC5372320EDA0B100E5076C /* Debug */ = {
			isa = XCBuildConfiguration;
			baseConfigurationReference = 3238F5AF8327378C70B1E8EE /* Pods-ExpandedTableView.debug.xcconfig */;
			buildSettings = {
				ASSETCATALOG_COMPILER_APPICON_NAME = AppIcon;
				CODE_SIGN_STYLE = Automatic;
				DEVELOPMENT_TEAM = M5H4A2L5D7;
				INFOPLIST_FILE = ExpandedTableView/Info.plist;
				LD_RUNPATH_SEARCH_PATHS = (
					"$(inherited)",
					"@executable_path/Frameworks",
				);
				PRODUCT_BUNDLE_IDENTIFIER = cl.isaiasmac.ExpandedTableView;
				PRODUCT_NAME = "$(TARGET_NAME)";
				SWIFT_VERSION = 4.0;
				TARGETED_DEVICE_FAMILY = "1,2";
			};
			name = Debug;
		};
		6AC5372420EDA0B100E5076C /* Release */ = {
			isa = XCBuildConfiguration;
			baseConfigurationReference = E94CFC07921D553D4FB91DE4 /* Pods-ExpandedTableView.release.xcconfig */;
			buildSettings = {
				ASSETCATALOG_COMPILER_APPICON_NAME = AppIcon;
				CODE_SIGN_STYLE = Automatic;
				DEVELOPMENT_TEAM = M5H4A2L5D7;
				INFOPLIST_FILE = ExpandedTableView/Info.plist;
				LD_RUNPATH_SEARCH_PATHS = (
					"$(inherited)",
					"@executable_path/Frameworks",
				);
				PRODUCT_BUNDLE_IDENTIFIER = cl.isaiasmac.ExpandedTableView;
				PRODUCT_NAME = "$(TARGET_NAME)";
				SWIFT_VERSION = 4.0;
				TARGETED_DEVICE_FAMILY = "1,2";
			};
			name = Release;
		};
/* End XCBuildConfiguration section */

/* Begin XCConfigurationList section */
		6AC5370820EDA0AF00E5076C /* Build configuration list for PBXProject "ExpandedTableView" */ = {
			isa = XCConfigurationList;
			buildConfigurations = (
				6AC5372020EDA0B100E5076C /* Debug */,
				6AC5372120EDA0B100E5076C /* Release */,
			);
			defaultConfigurationIsVisible = 0;
			defaultConfigurationName = Release;
		};
		6AC5372220EDA0B100E5076C /* Build configuration list for PBXNativeTarget "ExpandedTableView" */ = {
			isa = XCConfigurationList;
			buildConfigurations = (
				6AC5372320EDA0B100E5076C /* Debug */,
				6AC5372420EDA0B100E5076C /* Release */,
			);
			defaultConfigurationIsVisible = 0;
			defaultConfigurationName = Release;
		};
/* End XCConfigurationList section */

/* Begin XCVersionGroup section */
		6AC5371720EDA0B000E5076C /* ExpandedTableView.xcdatamodeld */ = {
			isa = XCVersionGroup;
			children = (
				6AC5371820EDA0B000E5076C /* ExpandedTableView.xcdatamodel */,
			);
			currentVersion = 6AC5371820EDA0B000E5076C /* ExpandedTableView.xcdatamodel */;
			path = ExpandedTableView.xcdatamodeld;
			sourceTree = "<group>";
			versionGroupType = wrapper.xcdatamodel;
		};
/* End XCVersionGroup section */
	};
	rootObject = 6AC5370520EDA0AF00E5076C /* Project object */;
}
